
Microsoft Visual Studio Solution File, Format Version 12.00
# Visual Studio Version 16
VisualStudioVersion = 16.0.30907.101
MinimumVisualStudioVersion = 10.0.40219.1
Project("{FAE04EC0-301F-11D3-BF4B-00C04F79EFBC}") = "HGR_CA", "HGR_CA.csproj", "{968A5DB7-1A08-4C68-927D-5EBAE5779BA9}"
EndProject
Global
	GlobalSection(SolutionConfigurationPlatforms) = preSolution
		Debug|Any CPU = Debug|Any CPU
		Release|Any CPU = Release|Any CPU
	EndGlobalSection
	GlobalSection(ProjectConfigurationPlatforms) = postSolution
		{968A5DB7-1A08-4C68-927D-5EBAE5779BA9}.Debug|Any CPU.ActiveCfg = Debug|Any CPU
		{968A5DB7-1A08-4C68-927D-5EBAE5779BA9}.Debug|Any CPU.Build.0 = Debug|Any CPU
		{968A5DB7-1A08-4C68-927D-5EBAE5779BA9}.Release|Any CPU.ActiveCfg = Release|Any CPU
		{968A5DB7-1A08-4C68-927D-5EBAE5779BA9}.Release|Any CPU.Build.0 = Release|Any CPU
	EndGlobalSection
	GlobalSection(SolutionProperties) = preSolution
		HideSolutionNode = FALSE
	EndGlobalSection
	GlobalSection(ExtensibilityGlobals) = postSolution
		SolutionGuid = {70E5973B-616D-4FF2-A2FA-B20FC39F3B07}
	EndGlobalSection
EndGlobal
